
Microsoft Visual Studio Solution File, Format Version 12.00
# Visual Studio Version 16
VisualStudioVersion = 16.0.30611.23
MinimumVisualStudioVersion = 10.0.40219.1
Project("{FAE04EC0-301F-11D3-BF4B-00C04F79EFBC}") = "MuzeiClient", "MuzeiClient\MuzeiClient.csproj", "{0ED633E5-F306-4908-9DE1-A8E33D93DCB7}"
EndProject
Global
	GlobalSection(SolutionConfigurationPlatforms) = preSolution
		Debug|Any CPU = Debug|Any CPU
		Release|Any CPU = Release|Any CPU
	EndGlobalSection
	GlobalSection(ProjectConfigurationPlatforms) = postSolution
		{0ED633E5-F306-4908-9DE1-A8E33D93DCB7}.Debug|Any CPU.ActiveCfg = Debug|Any CPU
		{0ED633E5-F306-4908-9DE1-A8E33D93DCB7}.Debug|Any CPU.Build.0 = Debug|Any CPU
		{0ED633E5-F306-4908-9DE1-A8E33D93DCB7}.Release|Any CPU.ActiveCfg = Release|Any CPU
		{0ED633E5-F306-4908-9DE1-A8E33D93DCB7}.Release|Any CPU.Build.0 = Release|Any CPU
	EndGlobalSection
	GlobalSection(SolutionProperties) = preSolution
		HideSolutionNode = FALSE
	EndGlobalSection
	GlobalSection(ExtensibilityGlobals) = postSolution
		SolutionGuid = {3AACA586-7366-4B67-82F0-DEFAE205718D}
	EndGlobalSection
EndGlobal
